// !$*UTF8*$!
{
	archiveVersion = 1;
	classes = {
	};
	objectVersion = 51;
	objects = {

/* Begin PBXBuildFile section */
		8804582025D69B62006397F2 /* AppDelegate.swift in Sources */ = {isa = PBXBuildFile; fileRef = 8804581F25D69B62006397F2 /* AppDelegate.swift */; };
		8804582425D69B62006397F2 /* ProfileViewController.swift in Sources */ = {isa = PBXBuildFile; fileRef = 8804582325D69B62006397F2 /* ProfileViewController.swift */; };
		8804582725D69B62006397F2 /* ProfileViewController.storyboard in Resources */ = {isa = PBXBuildFile; fileRef = 8804582525D69B62006397F2 /* ProfileViewController.storyboard */; };
		8804582925D69B63006397F2 /* Assets.xcassets in Resources */ = {isa = PBXBuildFile; fileRef = 8804582825D69B63006397F2 /* Assets.xcassets */; };
		8804582C25D69B63006397F2 /* LaunchScreen.storyboard in Resources */ = {isa = PBXBuildFile; fileRef = 8804582A25D69B63006397F2 /* LaunchScreen.storyboard */; };
		8818DCD5260CD676000B64D1 /* AppTextView.swift in Sources */ = {isa = PBXBuildFile; fileRef = 8818DCD4260CD676000B64D1 /* AppTextView.swift */; };
		882B1A0C25FDA64300E67F15 /* DataManagerGCD.swift in Sources */ = {isa = PBXBuildFile; fileRef = 882B1A0B25FDA64300E67F15 /* DataManagerGCD.swift */; };
		882B1A0F25FDAED100E67F15 /* CommonDataFunctions.swift in Sources */ = {isa = PBXBuildFile; fileRef = 882B1A0E25FDAED100E67F15 /* CommonDataFunctions.swift */; };
		882B1A1625FDCDBA00E67F15 /* UserDataModel.swift in Sources */ = {isa = PBXBuildFile; fileRef = 882B1A1525FDCDBA00E67F15 /* UserDataModel.swift */; };
		882B1A1A25FE11EA00E67F15 /* DataManagerOperations.swift in Sources */ = {isa = PBXBuildFile; fileRef = 882B1A1925FE11EA00E67F15 /* DataManagerOperations.swift */; };
		882B1A1D25FE4FF400E67F15 /* SavedThemeModel.swift in Sources */ = {isa = PBXBuildFile; fileRef = 882B1A1C25FE4FF400E67F15 /* SavedThemeModel.swift */; };
		8845E53B260F5B0D008DE2AF /* CoreDataStack.swift in Sources */ = {isa = PBXBuildFile; fileRef = 8845E53A260F5B0D008DE2AF /* CoreDataStack.swift */; };
		8845E541260F5B70008DE2AF /* Chat.xcdatamodeld in Sources */ = {isa = PBXBuildFile; fileRef = 8845E53F260F5B70008DE2AF /* Chat.xcdatamodeld */; };
		8845E54626100AB8008DE2AF /* StoreObjectsExtensions.swift in Sources */ = {isa = PBXBuildFile; fileRef = 8845E54526100AB8008DE2AF /* StoreObjectsExtensions.swift */; };
		8875696325EB39F700BC0B00 /* ChannelTableViewCell.swift in Sources */ = {isa = PBXBuildFile; fileRef = 8875696225EB39F700BC0B00 /* ChannelTableViewCell.swift */; };
		8875696625EB3DA200BC0B00 /* ConversationModel.swift in Sources */ = {isa = PBXBuildFile; fileRef = 8875696525EB3DA200BC0B00 /* ConversationModel.swift */; };
		8875697625EDC61300BC0B00 /* ChatViewController.swift in Sources */ = {isa = PBXBuildFile; fileRef = 8875697525EDC61300BC0B00 /* ChatViewController.swift */; };
		8875697A25EDE06800BC0B00 /* UIButtonExtension.swift in Sources */ = {isa = PBXBuildFile; fileRef = 8875697925EDE06800BC0B00 /* UIButtonExtension.swift */; };
		8875698125EDE4F600BC0B00 /* InboxMessageCell.swift in Sources */ = {isa = PBXBuildFile; fileRef = 8875698025EDE4F600BC0B00 /* InboxMessageCell.swift */; };
		8875698525EDF8D000BC0B00 /* ConversationCellConfiguration.swift in Sources */ = {isa = PBXBuildFile; fileRef = 8875698425EDF8D000BC0B00 /* ConversationCellConfiguration.swift */; };
		8875698A25EDF9AC00BC0B00 /* MessageCellConfiguration.swift in Sources */ = {isa = PBXBuildFile; fileRef = 8875698925EDF9AC00BC0B00 /* MessageCellConfiguration.swift */; };
		8875698D25EDF9D600BC0B00 /* MessageModel.swift in Sources */ = {isa = PBXBuildFile; fileRef = 8875698C25EDF9D600BC0B00 /* MessageModel.swift */; };
		88D39FEB260781DC002CA034 /* GoogleService-Info.plist in Resources */ = {isa = PBXBuildFile; fileRef = 88D39FEA260781DC002CA034 /* GoogleService-Info.plist */; };
		88D39FF026078BD6002CA034 /* Channel.swift in Sources */ = {isa = PBXBuildFile; fileRef = 88D39FEF26078BD6002CA034 /* Channel.swift */; };
		88D39FF426078C1F002CA034 /* Message.swift in Sources */ = {isa = PBXBuildFile; fileRef = 88D39FF326078C1F002CA034 /* Message.swift */; };
		88DC10B625F0D454009EE75F /* OutboxMessageCell.swift in Sources */ = {isa = PBXBuildFile; fileRef = 88DC10B525F0D454009EE75F /* OutboxMessageCell.swift */; };
		88DC10BC25F1C109009EE75F /* ThemesViewController.swift in Sources */ = {isa = PBXBuildFile; fileRef = 88DC10BB25F1C109009EE75F /* ThemesViewController.swift */; };
		88DC10C225F21D89009EE75F /* ThemesViewController.storyboard in Resources */ = {isa = PBXBuildFile; fileRef = 88DC10C125F21D89009EE75F /* ThemesViewController.storyboard */; };
		88DC10C825F250CA009EE75F /* ThemeSettings.swift in Sources */ = {isa = PBXBuildFile; fileRef = 88DC10C725F250CA009EE75F /* ThemeSettings.swift */; };
		88DC10CB25F259C4009EE75F /* ThemeManager.swift in Sources */ = {isa = PBXBuildFile; fileRef = 88DC10CA25F259C4009EE75F /* ThemeManager.swift */; };
		88DC10CE25F25B01009EE75F /* ThemesPickerDelegate.swift in Sources */ = {isa = PBXBuildFile; fileRef = 88DC10CD25F25B01009EE75F /* ThemesPickerDelegate.swift */; };
		88DC10D825F5001B009EE75F /* UIWindowExtension.swift in Sources */ = {isa = PBXBuildFile; fileRef = 88DC10D725F5001B009EE75F /* UIWindowExtension.swift */; };
		88DC10EC25F61B12009EE75F /* AppView.swift in Sources */ = {isa = PBXBuildFile; fileRef = 88DC10EB25F61B11009EE75F /* AppView.swift */; };
		88DC10F325F61BA9009EE75F /* AppLabel.swift in Sources */ = {isa = PBXBuildFile; fileRef = 88DC10F225F61BA9009EE75F /* AppLabel.swift */; };
		88DC10F625F61BCA009EE75F /* AppButton.swift in Sources */ = {isa = PBXBuildFile; fileRef = 88DC10F525F61BCA009EE75F /* AppButton.swift */; };
		88FB909E25EB246B00438B5D /* ChannelsViewController.swift in Sources */ = {isa = PBXBuildFile; fileRef = 88FB909D25EB246B00438B5D /* ChannelsViewController.swift */; };
		C6DAABF32CD3424373D4CCF6 /* Pods_MessengerApp.framework in Frameworks */ = {isa = PBXBuildFile; fileRef = 5EFA39097EB2727E467746E2 /* Pods_MessengerApp.framework */; };
/* End PBXBuildFile section */

/* Begin PBXFileReference section */
		588C937352371BEFCB27BAC4 /* Pods-MessengerApp.release.xcconfig */ = {isa = PBXFileReference; includeInIndex = 1; lastKnownFileType = text.xcconfig; name = "Pods-MessengerApp.release.xcconfig"; path = "Target Support Files/Pods-MessengerApp/Pods-MessengerApp.release.xcconfig"; sourceTree = "<group>"; };
		5EFA39097EB2727E467746E2 /* Pods_MessengerApp.framework */ = {isa = PBXFileReference; explicitFileType = wrapper.framework; includeInIndex = 0; path = Pods_MessengerApp.framework; sourceTree = BUILT_PRODUCTS_DIR; };
		8804581C25D69B62006397F2 /* MessengerApp.app */ = {isa = PBXFileReference; explicitFileType = wrapper.application; includeInIndex = 0; path = MessengerApp.app; sourceTree = BUILT_PRODUCTS_DIR; };
		8804581F25D69B62006397F2 /* AppDelegate.swift */ = {isa = PBXFileReference; lastKnownFileType = sourcecode.swift; path = AppDelegate.swift; sourceTree = "<group>"; };
		8804582325D69B62006397F2 /* ProfileViewController.swift */ = {isa = PBXFileReference; lastKnownFileType = sourcecode.swift; path = ProfileViewController.swift; sourceTree = "<group>"; };
		8804582625D69B62006397F2 /* Base */ = {isa = PBXFileReference; lastKnownFileType = file.storyboard; name = Base; path = Base.lproj/ProfileViewController.storyboard; sourceTree = "<group>"; };
		8804582825D69B63006397F2 /* Assets.xcassets */ = {isa = PBXFileReference; lastKnownFileType = folder.assetcatalog; path = Assets.xcassets; sourceTree = "<group>"; };
		8804582B25D69B63006397F2 /* Base */ = {isa = PBXFileReference; lastKnownFileType = file.storyboard; name = Base; path = Base.lproj/LaunchScreen.storyboard; sourceTree = "<group>"; };
		8804582D25D69B63006397F2 /* Info.plist */ = {isa = PBXFileReference; lastKnownFileType = text.plist.xml; path = Info.plist; sourceTree = "<group>"; };
		8818DCD4260CD676000B64D1 /* AppTextView.swift */ = {isa = PBXFileReference; lastKnownFileType = sourcecode.swift; path = AppTextView.swift; sourceTree = "<group>"; };
		882B1A0B25FDA64300E67F15 /* DataManagerGCD.swift */ = {isa = PBXFileReference; lastKnownFileType = sourcecode.swift; path = DataManagerGCD.swift; sourceTree = "<group>"; };
		882B1A0E25FDAED100E67F15 /* CommonDataFunctions.swift */ = {isa = PBXFileReference; lastKnownFileType = sourcecode.swift; path = CommonDataFunctions.swift; sourceTree = "<group>"; };
		882B1A1525FDCDBA00E67F15 /* UserDataModel.swift */ = {isa = PBXFileReference; lastKnownFileType = sourcecode.swift; path = UserDataModel.swift; sourceTree = "<group>"; };
		882B1A1925FE11EA00E67F15 /* DataManagerOperations.swift */ = {isa = PBXFileReference; lastKnownFileType = sourcecode.swift; path = DataManagerOperations.swift; sourceTree = "<group>"; };
		882B1A1C25FE4FF400E67F15 /* SavedThemeModel.swift */ = {isa = PBXFileReference; lastKnownFileType = sourcecode.swift; path = SavedThemeModel.swift; sourceTree = "<group>"; };
		8845E53A260F5B0D008DE2AF /* CoreDataStack.swift */ = {isa = PBXFileReference; lastKnownFileType = sourcecode.swift; path = CoreDataStack.swift; sourceTree = "<group>"; };
		8845E540260F5B70008DE2AF /* Chat.xcdatamodel */ = {isa = PBXFileReference; lastKnownFileType = wrapper.xcdatamodel; path = Chat.xcdatamodel; sourceTree = "<group>"; };
		8845E54526100AB8008DE2AF /* StoreObjectsExtensions.swift */ = {isa = PBXFileReference; lastKnownFileType = sourcecode.swift; path = StoreObjectsExtensions.swift; sourceTree = "<group>"; };
		8875696225EB39F700BC0B00 /* ChannelTableViewCell.swift */ = {isa = PBXFileReference; lastKnownFileType = sourcecode.swift; path = ChannelTableViewCell.swift; sourceTree = "<group>"; };
		8875696525EB3DA200BC0B00 /* ConversationModel.swift */ = {isa = PBXFileReference; lastKnownFileType = sourcecode.swift; path = ConversationModel.swift; sourceTree = "<group>"; };
		8875697525EDC61300BC0B00 /* ChatViewController.swift */ = {isa = PBXFileReference; lastKnownFileType = sourcecode.swift; path = ChatViewController.swift; sourceTree = "<group>"; };
		8875697925EDE06800BC0B00 /* UIButtonExtension.swift */ = {isa = PBXFileReference; lastKnownFileType = sourcecode.swift; path = UIButtonExtension.swift; sourceTree = "<group>"; };
		8875698025EDE4F600BC0B00 /* InboxMessageCell.swift */ = {isa = PBXFileReference; lastKnownFileType = sourcecode.swift; path = InboxMessageCell.swift; sourceTree = "<group>"; };
		8875698425EDF8D000BC0B00 /* ConversationCellConfiguration.swift */ = {isa = PBXFileReference; lastKnownFileType = sourcecode.swift; path = ConversationCellConfiguration.swift; sourceTree = "<group>"; };
		8875698925EDF9AC00BC0B00 /* MessageCellConfiguration.swift */ = {isa = PBXFileReference; lastKnownFileType = sourcecode.swift; path = MessageCellConfiguration.swift; sourceTree = "<group>"; };
		8875698C25EDF9D600BC0B00 /* MessageModel.swift */ = {isa = PBXFileReference; lastKnownFileType = sourcecode.swift; path = MessageModel.swift; sourceTree = "<group>"; };
		88D39FEA260781DC002CA034 /* GoogleService-Info.plist */ = {isa = PBXFileReference; fileEncoding = 4; lastKnownFileType = text.plist.xml; path = "GoogleService-Info.plist"; sourceTree = "<group>"; };
		88D39FEF26078BD6002CA034 /* Channel.swift */ = {isa = PBXFileReference; lastKnownFileType = sourcecode.swift; path = Channel.swift; sourceTree = "<group>"; };
		88D39FF326078C1F002CA034 /* Message.swift */ = {isa = PBXFileReference; lastKnownFileType = sourcecode.swift; path = Message.swift; sourceTree = "<group>"; };
		88DC10B525F0D454009EE75F /* OutboxMessageCell.swift */ = {isa = PBXFileReference; lastKnownFileType = sourcecode.swift; path = OutboxMessageCell.swift; sourceTree = "<group>"; };
		88DC10BB25F1C109009EE75F /* ThemesViewController.swift */ = {isa = PBXFileReference; lastKnownFileType = sourcecode.swift; path = ThemesViewController.swift; sourceTree = "<group>"; };
		88DC10C125F21D89009EE75F /* ThemesViewController.storyboard */ = {isa = PBXFileReference; lastKnownFileType = file.storyboard; path = ThemesViewController.storyboard; sourceTree = "<group>"; };
		88DC10C725F250CA009EE75F /* ThemeSettings.swift */ = {isa = PBXFileReference; lastKnownFileType = sourcecode.swift; path = ThemeSettings.swift; sourceTree = "<group>"; };
		88DC10CA25F259C4009EE75F /* ThemeManager.swift */ = {isa = PBXFileReference; lastKnownFileType = sourcecode.swift; path = ThemeManager.swift; sourceTree = "<group>"; };
		88DC10CD25F25B01009EE75F /* ThemesPickerDelegate.swift */ = {isa = PBXFileReference; lastKnownFileType = sourcecode.swift; path = ThemesPickerDelegate.swift; sourceTree = "<group>"; };
		88DC10D725F5001B009EE75F /* UIWindowExtension.swift */ = {isa = PBXFileReference; lastKnownFileType = sourcecode.swift; path = UIWindowExtension.swift; sourceTree = "<group>"; };
		88DC10EB25F61B11009EE75F /* AppView.swift */ = {isa = PBXFileReference; lastKnownFileType = sourcecode.swift; path = AppView.swift; sourceTree = "<group>"; };
		88DC10F225F61BA9009EE75F /* AppLabel.swift */ = {isa = PBXFileReference; lastKnownFileType = sourcecode.swift; path = AppLabel.swift; sourceTree = "<group>"; };
		88DC10F525F61BCA009EE75F /* AppButton.swift */ = {isa = PBXFileReference; lastKnownFileType = sourcecode.swift; path = AppButton.swift; sourceTree = "<group>"; };
		88FB909D25EB246B00438B5D /* ChannelsViewController.swift */ = {isa = PBXFileReference; lastKnownFileType = sourcecode.swift; path = ChannelsViewController.swift; sourceTree = "<group>"; };
		B556DCF82C20466C41BC0AF0 /* Pods-MessengerApp.debug.xcconfig */ = {isa = PBXFileReference; includeInIndex = 1; lastKnownFileType = text.xcconfig; name = "Pods-MessengerApp.debug.xcconfig"; path = "Target Support Files/Pods-MessengerApp/Pods-MessengerApp.debug.xcconfig"; sourceTree = "<group>"; };
/* End PBXFileReference section */

/* Begin PBXFrameworksBuildPhase section */
		8804581925D69B62006397F2 /* Frameworks */ = {
			isa = PBXFrameworksBuildPhase;
			buildActionMask = 2147483647;
			files = (
				C6DAABF32CD3424373D4CCF6 /* Pods_MessengerApp.framework in Frameworks */,
			);
			runOnlyForDeploymentPostprocessing = 0;
		};
/* End PBXFrameworksBuildPhase section */

/* Begin PBXGroup section */
		1E5478846B382D1067BA3345 /* Frameworks */ = {
			isa = PBXGroup;
			children = (
				5EFA39097EB2727E467746E2 /* Pods_MessengerApp.framework */,
			);
			name = Frameworks;
			sourceTree = "<group>";
		};
		7FD29F1711FB5991821B41C0 /* Pods */ = {
			isa = PBXGroup;
			children = (
				B556DCF82C20466C41BC0AF0 /* Pods-MessengerApp.debug.xcconfig */,
				588C937352371BEFCB27BAC4 /* Pods-MessengerApp.release.xcconfig */,
			);
			path = Pods;
			sourceTree = "<group>";
		};
		8804581325D69B62006397F2 = {
			isa = PBXGroup;
			children = (
				8804581E25D69B62006397F2 /* MessengerApp */,
				8804581D25D69B62006397F2 /* Products */,
				7FD29F1711FB5991821B41C0 /* Pods */,
				1E5478846B382D1067BA3345 /* Frameworks */,
			);
			sourceTree = "<group>";
		};
		8804581D25D69B62006397F2 /* Products */ = {
			isa = PBXGroup;
			children = (
				8804581C25D69B62006397F2 /* MessengerApp.app */,
			);
			name = Products;
			sourceTree = "<group>";
		};
		8804581E25D69B62006397F2 /* MessengerApp */ = {
			isa = PBXGroup;
			children = (
				88DC10CA25F259C4009EE75F /* ThemeManager.swift */,
				882B1A0B25FDA64300E67F15 /* DataManagerGCD.swift */,
				882B1A1925FE11EA00E67F15 /* DataManagerOperations.swift */,
				882B1A0E25FDAED100E67F15 /* CommonDataFunctions.swift */,
				8845E53D260F5B13008DE2AF /* CoreDataManager */,
				8875698F25EDFA0D00BC0B00 /* Singletones */,
				8875697825EDE03700BC0B00 /* Extensions */,
				8875698325EDF87400BC0B00 /* Protocols */,
				8875696D25EB527600BC0B00 /* Models */,
				8875696B25EB526C00BC0B00 /* Views */,
				88FB90A025EB247600438B5D /* Controllers */,
				8804582525D69B62006397F2 /* ProfileViewController.storyboard */,
				8845E53F260F5B70008DE2AF /* Chat.xcdatamodeld */,
				88DC10C125F21D89009EE75F /* ThemesViewController.storyboard */,
				8804582825D69B63006397F2 /* Assets.xcassets */,
				8804582A25D69B63006397F2 /* LaunchScreen.storyboard */,
				88D39FEA260781DC002CA034 /* GoogleService-Info.plist */,
				8804582D25D69B63006397F2 /* Info.plist */,
			);
			path = MessengerApp;
			sourceTree = "<group>";
		};
		8845E53D260F5B13008DE2AF /* CoreDataManager */ = {
			isa = PBXGroup;
			children = (
				8845E53A260F5B0D008DE2AF /* CoreDataStack.swift */,
			);
			path = CoreDataManager;
			sourceTree = "<group>";
		};
		8875696B25EB526C00BC0B00 /* Views */ = {
			isa = PBXGroup;
			children = (
				8875696225EB39F700BC0B00 /* ChannelTableViewCell.swift */,
				8875698025EDE4F600BC0B00 /* InboxMessageCell.swift */,
				88DC10B525F0D454009EE75F /* OutboxMessageCell.swift */,
			);
			path = Views;
			sourceTree = "<group>";
		};
		8875696D25EB527600BC0B00 /* Models */ = {
			isa = PBXGroup;
			children = (
				882B1A1525FDCDBA00E67F15 /* UserDataModel.swift */,
				88D39FEF26078BD6002CA034 /* Channel.swift */,
				88D39FF326078C1F002CA034 /* Message.swift */,
				882B1A1C25FE4FF400E67F15 /* SavedThemeModel.swift */,
				8875696525EB3DA200BC0B00 /* ConversationModel.swift */,
				8875698C25EDF9D600BC0B00 /* MessageModel.swift */,
				88DC10C725F250CA009EE75F /* ThemeSettings.swift */,
				88DC10EE25F61B17009EE75F /* CustomViews */,
			);
			path = Models;
			sourceTree = "<group>";
		};
		8875697825EDE03700BC0B00 /* Extensions */ = {
			isa = PBXGroup;
			children = (
				8875697925EDE06800BC0B00 /* UIButtonExtension.swift */,
				88DC10D725F5001B009EE75F /* UIWindowExtension.swift */,
				8845E54526100AB8008DE2AF /* StoreObjectsExtensions.swift */,
			);
			path = Extensions;
			sourceTree = "<group>";
		};
		8875698325EDF87400BC0B00 /* Protocols */ = {
			isa = PBXGroup;
			children = (
				8875698425EDF8D000BC0B00 /* ConversationCellConfiguration.swift */,
				8875698925EDF9AC00BC0B00 /* MessageCellConfiguration.swift */,
				88DC10CD25F25B01009EE75F /* ThemesPickerDelegate.swift */,
			);
			path = Protocols;
			sourceTree = "<group>";
		};
		8875698F25EDFA0D00BC0B00 /* Singletones */ = {
			isa = PBXGroup;
			children = (
				8804581F25D69B62006397F2 /* AppDelegate.swift */,
			);
			path = Singletones;
			sourceTree = "<group>";
		};
		88DC10EE25F61B17009EE75F /* CustomViews */ = {
			isa = PBXGroup;
			children = (
				88DC10EB25F61B11009EE75F /* AppView.swift */,
				88DC10F225F61BA9009EE75F /* AppLabel.swift */,
				88DC10F525F61BCA009EE75F /* AppButton.swift */,
				8818DCD4260CD676000B64D1 /* AppTextView.swift */,
			);
			path = CustomViews;
			sourceTree = "<group>";
		};
		88FB90A025EB247600438B5D /* Controllers */ = {
			isa = PBXGroup;
			children = (
				8804582325D69B62006397F2 /* ProfileViewController.swift */,
				88DC10BB25F1C109009EE75F /* ThemesViewController.swift */,
				88FB909D25EB246B00438B5D /* ChannelsViewController.swift */,
				8875697525EDC61300BC0B00 /* ChatViewController.swift */,
			);
			path = Controllers;
			sourceTree = "<group>";
		};
/* End PBXGroup section */

/* Begin PBXNativeTarget section */
		8804581B25D69B62006397F2 /* MessengerApp */ = {
			isa = PBXNativeTarget;
			buildConfigurationList = 8804583025D69B63006397F2 /* Build configuration list for PBXNativeTarget "MessengerApp" */;
			buildPhases = (
				10355083885C0367E8287FC7 /* [CP] Check Pods Manifest.lock */,
				8804581825D69B62006397F2 /* Sources */,
				8804581925D69B62006397F2 /* Frameworks */,
				8804581A25D69B62006397F2 /* Resources */,
				C49A15AC400FFD11FBD7B081 /* [CP] Embed Pods Frameworks */,
				88D39FED26078484002CA034 /* ShellScript */,
			);
			buildRules = (
			);
			dependencies = (
			);
			name = MessengerApp;
			productName = MessengerApp;
			productReference = 8804581C25D69B62006397F2 /* MessengerApp.app */;
			productType = "com.apple.product-type.application";
		};
/* End PBXNativeTarget section */

/* Begin PBXProject section */
		8804581425D69B62006397F2 /* Project object */ = {
			isa = PBXProject;
			attributes = {
				LastSwiftUpdateCheck = 1240;
				LastUpgradeCheck = 1240;
				TargetAttributes = {
					8804581B25D69B62006397F2 = {
						CreatedOnToolsVersion = 12.4;
					};
				};
			};
			buildConfigurationList = 8804581725D69B62006397F2 /* Build configuration list for PBXProject "MessengerApp" */;
			compatibilityVersion = "Xcode 9.3";
			developmentRegion = en;
			hasScannedForEncodings = 0;
			knownRegions = (
				en,
				Base,
			);
			mainGroup = 8804581325D69B62006397F2;
			productRefGroup = 8804581D25D69B62006397F2 /* Products */;
			projectDirPath = "";
			projectRoot = "";
			targets = (
				8804581B25D69B62006397F2 /* MessengerApp */,
			);
		};
/* End PBXProject section */

/* Begin PBXResourcesBuildPhase section */
		8804581A25D69B62006397F2 /* Resources */ = {
			isa = PBXResourcesBuildPhase;
			buildActionMask = 2147483647;
			files = (
				88DC10C225F21D89009EE75F /* ThemesViewController.storyboard in Resources */,
				8804582C25D69B63006397F2 /* LaunchScreen.storyboard in Resources */,
				88D39FEB260781DC002CA034 /* GoogleService-Info.plist in Resources */,
				8804582925D69B63006397F2 /* Assets.xcassets in Resources */,
				8804582725D69B62006397F2 /* ProfileViewController.storyboard in Resources */,
			);
			runOnlyForDeploymentPostprocessing = 0;
		};
/* End PBXResourcesBuildPhase section */

/* Begin PBXShellScriptBuildPhase section */
		10355083885C0367E8287FC7 /* [CP] Check Pods Manifest.lock */ = {
			isa = PBXShellScriptBuildPhase;
			buildActionMask = 2147483647;
			files = (
			);
			inputFileListPaths = (
			);
			inputPaths = (
				"${PODS_PODFILE_DIR_PATH}/Podfile.lock",
				"${PODS_ROOT}/Manifest.lock",
			);
			name = "[CP] Check Pods Manifest.lock";
			outputFileListPaths = (
			);
			outputPaths = (
				"$(DERIVED_FILE_DIR)/Pods-MessengerApp-checkManifestLockResult.txt",
			);
			runOnlyForDeploymentPostprocessing = 0;
			shellPath = /bin/sh;
			shellScript = "diff \"${PODS_PODFILE_DIR_PATH}/Podfile.lock\" \"${PODS_ROOT}/Manifest.lock\" > /dev/null\nif [ $? != 0 ] ; then\n    # print error to STDERR\n    echo \"error: The sandbox is not in sync with the Podfile.lock. Run 'pod install' or update your CocoaPods installation.\" >&2\n    exit 1\nfi\n# This output is used by Xcode 'outputs' to avoid re-running this script phase.\necho \"SUCCESS\" > \"${SCRIPT_OUTPUT_FILE_0}\"\n";
			showEnvVarsInLog = 0;
		};
		88D39FED26078484002CA034 /* ShellScript */ = {
			isa = PBXShellScriptBuildPhase;
			buildActionMask = 2147483647;
			files = (
			);
			inputFileListPaths = (
			);
			inputPaths = (
			);
			outputFileListPaths = (
			);
			outputPaths = (
			);
			runOnlyForDeploymentPostprocessing = 0;
			shellPath = /bin/sh;
			shellScript = "if which swiftlint >/dev/null; then\n  swiftlint\nelse\n  echo \"error: SwiftLint does not exist, download it from https://github.com/realm/SwiftLint\"\n  exit 1\nfi\n";
		};
		C49A15AC400FFD11FBD7B081 /* [CP] Embed Pods Frameworks */ = {
			isa = PBXShellScriptBuildPhase;
			buildActionMask = 2147483647;
			files = (
			);
			inputFileListPaths = (
				"${PODS_ROOT}/Target Support Files/Pods-MessengerApp/Pods-MessengerApp-frameworks-${CONFIGURATION}-input-files.xcfilelist",
			);
			name = "[CP] Embed Pods Frameworks";
			outputFileListPaths = (
				"${PODS_ROOT}/Target Support Files/Pods-MessengerApp/Pods-MessengerApp-frameworks-${CONFIGURATION}-output-files.xcfilelist",
			);
			runOnlyForDeploymentPostprocessing = 0;
			shellPath = /bin/sh;
			shellScript = "\"${PODS_ROOT}/Target Support Files/Pods-MessengerApp/Pods-MessengerApp-frameworks.sh\"\n";
			showEnvVarsInLog = 0;
		};
/* End PBXShellScriptBuildPhase section */

/* Begin PBXSourcesBuildPhase section */
		8804581825D69B62006397F2 /* Sources */ = {
			isa = PBXSourcesBuildPhase;
			buildActionMask = 2147483647;
			files = (
				882B1A1625FDCDBA00E67F15 /* UserDataModel.swift in Sources */,
				8875696325EB39F700BC0B00 /* ChannelTableViewCell.swift in Sources */,
				8804582425D69B62006397F2 /* ProfileViewController.swift in Sources */,
				88D39FF026078BD6002CA034 /* Channel.swift in Sources */,
				88DC10EC25F61B12009EE75F /* AppView.swift in Sources */,
				8875698125EDE4F600BC0B00 /* InboxMessageCell.swift in Sources */,
				8875697625EDC61300BC0B00 /* ChatViewController.swift in Sources */,
				882B1A0F25FDAED100E67F15 /* CommonDataFunctions.swift in Sources */,
				8875698A25EDF9AC00BC0B00 /* MessageCellConfiguration.swift in Sources */,
				88DC10BC25F1C109009EE75F /* ThemesViewController.swift in Sources */,
				8875697A25EDE06800BC0B00 /* UIButtonExtension.swift in Sources */,
				88DC10B625F0D454009EE75F /* OutboxMessageCell.swift in Sources */,
				8875698D25EDF9D600BC0B00 /* MessageModel.swift in Sources */,
				8818DCD5260CD676000B64D1 /* AppTextView.swift in Sources */,
				8845E54626100AB8008DE2AF /* StoreObjectsExtensions.swift in Sources */,
				88DC10F325F61BA9009EE75F /* AppLabel.swift in Sources */,
				8875698525EDF8D000BC0B00 /* ConversationCellConfiguration.swift in Sources */,
				88DC10F625F61BCA009EE75F /* AppButton.swift in Sources */,
				88DC10CB25F259C4009EE75F /* ThemeManager.swift in Sources */,
				8804582025D69B62006397F2 /* AppDelegate.swift in Sources */,
				88DC10CE25F25B01009EE75F /* ThemesPickerDelegate.swift in Sources */,
				88DC10C825F250CA009EE75F /* ThemeSettings.swift in Sources */,
				8845E541260F5B70008DE2AF /* Chat.xcdatamodeld in Sources */,
				88DC10D825F5001B009EE75F /* UIWindowExtension.swift in Sources */,
				88D39FF426078C1F002CA034 /* Message.swift in Sources */,
				88FB909E25EB246B00438B5D /* ChannelsViewController.swift in Sources */,
				882B1A1A25FE11EA00E67F15 /* DataManagerOperations.swift in Sources */,
				882B1A0C25FDA64300E67F15 /* DataManagerGCD.swift in Sources */,
				8875696625EB3DA200BC0B00 /* ConversationModel.swift in Sources */,
				882B1A1D25FE4FF400E67F15 /* SavedThemeModel.swift in Sources */,
				8845E53B260F5B0D008DE2AF /* CoreDataStack.swift in Sources */,
			);
			runOnlyForDeploymentPostprocessing = 0;
		};
/* End PBXSourcesBuildPhase section */

/* Begin PBXVariantGroup section */
		8804582525D69B62006397F2 /* ProfileViewController.storyboard */ = {
			isa = PBXVariantGroup;
			children = (
				8804582625D69B62006397F2 /* Base */,
			);
			name = ProfileViewController.storyboard;
			sourceTree = "<group>";
		};
		8804582A25D69B63006397F2 /* LaunchScreen.storyboard */ = {
			isa = PBXVariantGroup;
			children = (
				8804582B25D69B63006397F2 /* Base */,
			);
			name = LaunchScreen.storyboard;
			sourceTree = "<group>";
		};
/* End PBXVariantGroup section */

/* Begin XCBuildConfiguration section */
		8804582E25D69B63006397F2 /* Debug */ = {
			isa = XCBuildConfiguration;
			buildSettings = {
				ALWAYS_SEARCH_USER_PATHS = NO;
				CLANG_ANALYZER_NONNULL = YES;
				CLANG_ANALYZER_NUMBER_OBJECT_CONVERSION = YES_AGGRESSIVE;
				CLANG_CXX_LANGUAGE_STANDARD = "gnu++14";
				CLANG_CXX_LIBRARY = "libc++";
				CLANG_ENABLE_MODULES = YES;
				CLANG_ENABLE_OBJC_ARC = YES;
				CLANG_ENABLE_OBJC_WEAK = YES;
				CLANG_WARN_BLOCK_CAPTURE_AUTORELEASING = YES;
				CLANG_WARN_BOOL_CONVERSION = YES;
				CLANG_WARN_COMMA = YES;
				CLANG_WARN_CONSTANT_CONVERSION = YES;
				CLANG_WARN_DEPRECATED_OBJC_IMPLEMENTATIONS = YES;
				CLANG_WARN_DIRECT_OBJC_ISA_USAGE = YES_ERROR;
				CLANG_WARN_DOCUMENTATION_COMMENTS = YES;
				CLANG_WARN_EMPTY_BODY = YES;
				CLANG_WARN_ENUM_CONVERSION = YES;
				CLANG_WARN_INFINITE_RECURSION = YES;
				CLANG_WARN_INT_CONVERSION = YES;
				CLANG_WARN_NON_LITERAL_NULL_CONVERSION = YES;
				CLANG_WARN_OBJC_IMPLICIT_RETAIN_SELF = YES;
				CLANG_WARN_OBJC_LITERAL_CONVERSION = YES;
				CLANG_WARN_OBJC_ROOT_CLASS = YES_ERROR;
				CLANG_WARN_QUOTED_INCLUDE_IN_FRAMEWORK_HEADER = YES;
				CLANG_WARN_RANGE_LOOP_ANALYSIS = YES;
				CLANG_WARN_STRICT_PROTOTYPES = YES;
				CLANG_WARN_SUSPICIOUS_MOVE = YES;
				CLANG_WARN_UNGUARDED_AVAILABILITY = YES_AGGRESSIVE;
				CLANG_WARN_UNREACHABLE_CODE = YES;
				CLANG_WARN__DUPLICATE_METHOD_MATCH = YES;
				COPY_PHASE_STRIP = NO;
				DEBUG_INFORMATION_FORMAT = dwarf;
				ENABLE_STRICT_OBJC_MSGSEND = YES;
				ENABLE_TESTABILITY = YES;
				GCC_C_LANGUAGE_STANDARD = gnu11;
				GCC_DYNAMIC_NO_PIC = NO;
				GCC_NO_COMMON_BLOCKS = YES;
				GCC_OPTIMIZATION_LEVEL = 0;
				GCC_PREPROCESSOR_DEFINITIONS = (
					"DEBUG=1",
					"$(inherited)",
				);
				GCC_WARN_64_TO_32_BIT_CONVERSION = YES;
				GCC_WARN_ABOUT_RETURN_TYPE = YES_ERROR;
				GCC_WARN_UNDECLARED_SELECTOR = YES;
				GCC_WARN_UNINITIALIZED_AUTOS = YES_AGGRESSIVE;
				GCC_WARN_UNUSED_FUNCTION = YES;
				GCC_WARN_UNUSED_VARIABLE = YES;
				IPHONEOS_DEPLOYMENT_TARGET = 12.1;
				MTL_ENABLE_DEBUG_INFO = INCLUDE_SOURCE;
				MTL_FAST_MATH = YES;
				ONLY_ACTIVE_ARCH = YES;
				SDKROOT = iphoneos;
				SWIFT_ACTIVE_COMPILATION_CONDITIONS = DEBUG;
				SWIFT_OPTIMIZATION_LEVEL = "-Onone";
			};
			name = Debug;
		};
		8804582F25D69B63006397F2 /* Release */ = {
			isa = XCBuildConfiguration;
			buildSettings = {
				ALWAYS_SEARCH_USER_PATHS = NO;
				CLANG_ANALYZER_NONNULL = YES;
				CLANG_ANALYZER_NUMBER_OBJECT_CONVERSION = YES_AGGRESSIVE;
				CLANG_CXX_LANGUAGE_STANDARD = "gnu++14";
				CLANG_CXX_LIBRARY = "libc++";
				CLANG_ENABLE_MODULES = YES;
				CLANG_ENABLE_OBJC_ARC = YES;
				CLANG_ENABLE_OBJC_WEAK = YES;
				CLANG_WARN_BLOCK_CAPTURE_AUTORELEASING = YES;
				CLANG_WARN_BOOL_CONVERSION = YES;
				CLANG_WARN_COMMA = YES;
				CLANG_WARN_CONSTANT_CONVERSION = YES;
				CLANG_WARN_DEPRECATED_OBJC_IMPLEMENTATIONS = YES;
				CLANG_WARN_DIRECT_OBJC_ISA_USAGE = YES_ERROR;
				CLANG_WARN_DOCUMENTATION_COMMENTS = YES;
				CLANG_WARN_EMPTY_BODY = YES;
				CLANG_WARN_ENUM_CONVERSION = YES;
				CLANG_WARN_INFINITE_RECURSION = YES;
				CLANG_WARN_INT_CONVERSION = YES;
				CLANG_WARN_NON_LITERAL_NULL_CONVERSION = YES;
				CLANG_WARN_OBJC_IMPLICIT_RETAIN_SELF = YES;
				CLANG_WARN_OBJC_LITERAL_CONVERSION = YES;
				CLANG_WARN_OBJC_ROOT_CLASS = YES_ERROR;
				CLANG_WARN_QUOTED_INCLUDE_IN_FRAMEWORK_HEADER = YES;
				CLANG_WARN_RANGE_LOOP_ANALYSIS = YES;
				CLANG_WARN_STRICT_PROTOTYPES = YES;
				CLANG_WARN_SUSPICIOUS_MOVE = YES;
				CLANG_WARN_UNGUARDED_AVAILABILITY = YES_AGGRESSIVE;
				CLANG_WARN_UNREACHABLE_CODE = YES;
				CLANG_WARN__DUPLICATE_METHOD_MATCH = YES;
				COPY_PHASE_STRIP = NO;
				DEBUG_INFORMATION_FORMAT = "dwarf-with-dsym";
				ENABLE_NS_ASSERTIONS = NO;
				ENABLE_STRICT_OBJC_MSGSEND = YES;
				GCC_C_LANGUAGE_STANDARD = gnu11;
				GCC_NO_COMMON_BLOCKS = YES;
				GCC_WARN_64_TO_32_BIT_CONVERSION = YES;
				GCC_WARN_ABOUT_RETURN_TYPE = YES_ERROR;
				GCC_WARN_UNDECLARED_SELECTOR = YES;
				GCC_WARN_UNINITIALIZED_AUTOS = YES_AGGRESSIVE;
				GCC_WARN_UNUSED_FUNCTION = YES;
				GCC_WARN_UNUSED_VARIABLE = YES;
				IPHONEOS_DEPLOYMENT_TARGET = 12.1;
				MTL_ENABLE_DEBUG_INFO = NO;
				MTL_FAST_MATH = YES;
				SDKROOT = iphoneos;
				SWIFT_COMPILATION_MODE = wholemodule;
				SWIFT_OPTIMIZATION_LEVEL = "-O";
				VALIDATE_PRODUCT = YES;
			};
			name = Release;
		};
		8804583125D69B63006397F2 /* Debug */ = {
			isa = XCBuildConfiguration;
			baseConfigurationReference = B556DCF82C20466C41BC0AF0 /* Pods-MessengerApp.debug.xcconfig */;
			buildSettings = {
				ASSETCATALOG_COMPILER_APPICON_NAME = AppIcon;
				ASSETCATALOG_COMPILER_GLOBAL_ACCENT_COLOR_NAME = AccentColor;
				CODE_SIGN_STYLE = Automatic;
				DEVELOPMENT_TEAM = 6X73SB6LVU;
				INFOPLIST_FILE = MessengerApp/Info.plist;
				IPHONEOS_DEPLOYMENT_TARGET = 12.1;
				LD_RUNPATH_SEARCH_PATHS = (
					"$(inherited)",
					"@executable_path/Frameworks",
				);
				PRODUCT_BUNDLE_IDENTIFIER = ru.tinkoff.TinkoffChat;
				PRODUCT_NAME = "$(TARGET_NAME)";
				SWIFT_VERSION = 5.0;
				TARGETED_DEVICE_FAMILY = 1;
			};
			name = Debug;
		};
		8804583225D69B63006397F2 /* Release */ = {
			isa = XCBuildConfiguration;
			baseConfigurationReference = 588C937352371BEFCB27BAC4 /* Pods-MessengerApp.release.xcconfig */;
			buildSettings = {
				ASSETCATALOG_COMPILER_APPICON_NAME = AppIcon;
				ASSETCATALOG_COMPILER_GLOBAL_ACCENT_COLOR_NAME = AccentColor;
				CODE_SIGN_STYLE = Automatic;
				DEVELOPMENT_TEAM = 6X73SB6LVU;
				INFOPLIST_FILE = MessengerApp/Info.plist;
				IPHONEOS_DEPLOYMENT_TARGET = 12.1;
				LD_RUNPATH_SEARCH_PATHS = (
					"$(inherited)",
					"@executable_path/Frameworks",
				);
				PRODUCT_BUNDLE_IDENTIFIER = ru.tinkoff.TinkoffChat;
				PRODUCT_NAME = "$(TARGET_NAME)";
				SWIFT_VERSION = 5.0;
				TARGETED_DEVICE_FAMILY = 1;
			};
			name = Release;
		};
/* End XCBuildConfiguration section */

/* Begin XCConfigurationList section */
		8804581725D69B62006397F2 /* Build configuration list for PBXProject "MessengerApp" */ = {
			isa = XCConfigurationList;
			buildConfigurations = (
				8804582E25D69B63006397F2 /* Debug */,
				8804582F25D69B63006397F2 /* Release */,
			);
			defaultConfigurationIsVisible = 0;
			defaultConfigurationName = Release;
		};
		8804583025D69B63006397F2 /* Build configuration list for PBXNativeTarget "MessengerApp" */ = {
			isa = XCConfigurationList;
			buildConfigurations = (
				8804583125D69B63006397F2 /* Debug */,
				8804583225D69B63006397F2 /* Release */,
			);
			defaultConfigurationIsVisible = 0;
			defaultConfigurationName = Release;
		};
/* End XCConfigurationList section */

/* Begin XCVersionGroup section */
		8845E53F260F5B70008DE2AF /* Chat.xcdatamodeld */ = {
			isa = XCVersionGroup;
			children = (
				8845E540260F5B70008DE2AF /* Chat.xcdatamodel */,
			);
			currentVersion = 8845E540260F5B70008DE2AF /* Chat.xcdatamodel */;
			path = Chat.xcdatamodeld;
			sourceTree = "<group>";
			versionGroupType = wrapper.xcdatamodel;
		};
/* End XCVersionGroup section */
	};
	rootObject = 8804581425D69B62006397F2 /* Project object */;
}
